// !$*UTF8*$!
{
	archiveVersion = 1;
	classes = {
	};
	objectVersion = 46;
	objects = {

/* Begin PBXBuildFile section */
		05C0EE97FF1C4F2D05DE18DE /* libPods-RMusicPlayer.a in Frameworks */ = {isa = PBXBuildFile; fileRef = BC1C861C11DE7C6B94D7704B /* libPods-RMusicPlayer.a */; };
		C808241C1F43CFCC00F27A90 /* headImg.png in Resources */ = {isa = PBXBuildFile; fileRef = C808241B1F43CFCC00F27A90 /* headImg.png */; };
		C808241F1F43D3E300F27A90 /* M_TableView.m in Sources */ = {isa = PBXBuildFile; fileRef = C808241E1F43D3E300F27A90 /* M_TableView.m */; };
		C80824221F43D41000F27A90 /* M_TableViewCell.m in Sources */ = {isa = PBXBuildFile; fileRef = C80824211F43D41000F27A90 /* M_TableViewCell.m */; };
		C80824241F43D59000F27A90 /* M_Res.xcassets in Resources */ = {isa = PBXBuildFile; fileRef = C80824231F43D59000F27A90 /* M_Res.xcassets */; };
		C80B33631F2186CE007FE88A /* R_MianTabbarController.m in Sources */ = {isa = PBXBuildFile; fileRef = C80B33621F2186CE007FE88A /* R_MianTabbarController.m */; };
		C80B336A1F230499007FE88A /* R_RootViewController.m in Sources */ = {isa = PBXBuildFile; fileRef = C80B33691F230499007FE88A /* R_RootViewController.m */; };
		C80B336D1F230915007FE88A /* R_WebViewNavController.m in Sources */ = {isa = PBXBuildFile; fileRef = C80B336C1F230915007FE88A /* R_WebViewNavController.m */; };
		C80B33701F23093D007FE88A /* R_RootNavController.m in Sources */ = {isa = PBXBuildFile; fileRef = C80B336F1F23093D007FE88A /* R_RootNavController.m */; };
		C80B33761F230959007FE88A /* NJKWebViewProgress.m in Sources */ = {isa = PBXBuildFile; fileRef = C80B33731F230959007FE88A /* NJKWebViewProgress.m */; };
		C80B33771F230959007FE88A /* NJKWebViewProgressView.m in Sources */ = {isa = PBXBuildFile; fileRef = C80B33751F230959007FE88A /* NJKWebViewProgressView.m */; };
		C80B337A1F23098E007FE88A /* R_WebViewController.m in Sources */ = {isa = PBXBuildFile; fileRef = C80B33791F23098E007FE88A /* R_WebViewController.m */; };
		C80B337D1F2309B2007FE88A /* R_RootWebViewController.m in Sources */ = {isa = PBXBuildFile; fileRef = C80B337C1F2309B2007FE88A /* R_RootWebViewController.m */; };
		C80B33831F232FFB007FE88A /* XYTransition.m in Sources */ = {isa = PBXBuildFile; fileRef = C80B33811F232FFB007FE88A /* XYTransition.m */; };
		C80B338D1F257A76007FE88A /* M_LoginVc.m in Sources */ = {isa = PBXBuildFile; fileRef = C80B338C1F257A76007FE88A /* M_LoginVc.m */; };
		C80B33981F263CBD007FE88A /* AppDelegate+AppService.m in Sources */ = {isa = PBXBuildFile; fileRef = C80B33971F263CBD007FE88A /* AppDelegate+AppService.m */; };
		C80B339B1F263CD3007FE88A /* AppDelegate+PushService.m in Sources */ = {isa = PBXBuildFile; fileRef = C80B339A1F263CD3007FE88A /* AppDelegate+PushService.m */; };
		C80B339F1F26C892007FE88A /* OpenUDID.m in Sources */ = {isa = PBXBuildFile; fileRef = C80B339E1F26C892007FE88A /* OpenUDID.m */; };
		C80B33AA1F26C9CC007FE88A /* M_UserInfo.m in Sources */ = {isa = PBXBuildFile; fileRef = C80B33A91F26C9CC007FE88A /* M_UserInfo.m */; };
		C80B33AD1F26CB50007FE88A /* M_UserManager.m in Sources */ = {isa = PBXBuildFile; fileRef = C80B33AC1F26CB50007FE88A /* M_UserManager.m */; };
		C80B33B01F26CB78007FE88A /* M_IMManager.m in Sources */ = {isa = PBXBuildFile; fileRef = C80B33AF1F26CB78007FE88A /* M_IMManager.m */; };
		C8496EF91F3AF4DF0005FE22 /* icon_tabbar_bg@2x.png in Resources */ = {isa = PBXBuildFile; fileRef = C8496EF71F3AF4DF0005FE22 /* icon_tabbar_bg@2x.png */; };
		C8496EFA1F3AF4DF0005FE22 /* icon_tabbar_bg@3x.png in Resources */ = {isa = PBXBuildFile; fileRef = C8496EF81F3AF4DF0005FE22 /* icon_tabbar_bg@3x.png */; };
		C8496F011F3AFD260005FE22 /* UIViewController+ZYSliderViewController.m in Sources */ = {isa = PBXBuildFile; fileRef = C8496EFE1F3AFD260005FE22 /* UIViewController+ZYSliderViewController.m */; };
		C8496F021F3AFD260005FE22 /* ZYSliderViewController.m in Sources */ = {isa = PBXBuildFile; fileRef = C8496F001F3AFD260005FE22 /* ZYSliderViewController.m */; };
		C86877241F317D0F00AAADB9 /* M_MineView.m in Sources */ = {isa = PBXBuildFile; fileRef = C86877231F317D0F00AAADB9 /* M_MineView.m */; };
		C881C3201F2A2CC600B45747 /* M_ShareManager.m in Sources */ = {isa = PBXBuildFile; fileRef = C881C31F1F2A2CC600B45747 /* M_ShareManager.m */; };
		C881C3231F2A3F7900B45747 /* M_AppManager.m in Sources */ = {isa = PBXBuildFile; fileRef = C881C3221F2A3F7900B45747 /* M_AppManager.m */; };
		C881C3271F2A402F00B45747 /* M_AdPageView.m in Sources */ = {isa = PBXBuildFile; fileRef = C881C3261F2A402F00B45747 /* M_AdPageView.m */; };
		C881C32B1F2ACEDD00B45747 /* M_FPSLabel.m in Sources */ = {isa = PBXBuildFile; fileRef = C881C32A1F2ACEDD00B45747 /* M_FPSLabel.m */; };
		C881C3431F2EAE6400B45747 /* MBProgressHUD+M_HUD.m in Sources */ = {isa = PBXBuildFile; fileRef = C881C3421F2EAE6400B45747 /* MBProgressHUD+M_HUD.m */; };
		C881C3491F30393700B45747 /* M_LoginAVManager.m in Sources */ = {isa = PBXBuildFile; fileRef = C881C3481F30393700B45747 /* M_LoginAVManager.m */; };
		C881C34B1F3053BC00B45747 /* M_LoginRes.bundle in Resources */ = {isa = PBXBuildFile; fileRef = C881C34A1F3053BC00B45747 /* M_LoginRes.bundle */; };
		C881C34E1F305A0B00B45747 /* M_LoginView.m in Sources */ = {isa = PBXBuildFile; fileRef = C881C34D1F305A0B00B45747 /* M_LoginView.m */; };
		C881C35A1F30B45600B45747 /* WX.png in Resources */ = {isa = PBXBuildFile; fileRef = C881C3581F30B45600B45747 /* WX.png */; };
		C881C35B1F30B45600B45747 /* QQ.png in Resources */ = {isa = PBXBuildFile; fileRef = C881C3591F30B45600B45747 /* QQ.png */; };
		C881C36A1F3158EA00B45747 /* M_NewsVC.m in Sources */ = {isa = PBXBuildFile; fileRef = C881C3691F3158EA00B45747 /* M_NewsVC.m */; };
		C881C36D1F3158FC00B45747 /* M_MineVC.m in Sources */ = {isa = PBXBuildFile; fileRef = C881C36C1F3158FC00B45747 /* M_MineVC.m */; };
		C8DE94571F202E1300797935 /* main.m in Sources */ = {isa = PBXBuildFile; fileRef = C8DE94561F202E1300797935 /* main.m */; };
		C8DE945A1F202E1300797935 /* AppDelegate.m in Sources */ = {isa = PBXBuildFile; fileRef = C8DE94591F202E1300797935 /* AppDelegate.m */; };
		C8DE94621F202E1300797935 /* Assets.xcassets in Resources */ = {isa = PBXBuildFile; fileRef = C8DE94611F202E1300797935 /* Assets.xcassets */; };
		C8DE94651F202E1300797935 /* LaunchScreen.storyboard in Resources */ = {isa = PBXBuildFile; fileRef = C8DE94631F202E1300797935 /* LaunchScreen.storyboard */; };
		C8DE94701F202E1300797935 /* RMusicPlayerTests.m in Sources */ = {isa = PBXBuildFile; fileRef = C8DE946F1F202E1300797935 /* RMusicPlayerTests.m */; };
		C8DE947B1F202E1300797935 /* RMusicPlayerUITests.m in Sources */ = {isa = PBXBuildFile; fileRef = C8DE947A1F202E1300797935 /* RMusicPlayerUITests.m */; };
		C8DE94911F2040B200797935 /* R_TabbarItem.m in Sources */ = {isa = PBXBuildFile; fileRef = C8DE94901F2040B200797935 /* R_TabbarItem.m */; };
		C8DE94941F20424400797935 /* R_TabbarBadge.m in Sources */ = {isa = PBXBuildFile; fileRef = C8DE94931F20424400797935 /* R_TabbarBadge.m */; };
		C8DE94B51F2047AD00797935 /* icon_tabbar_discovery.png in Resources */ = {isa = PBXBuildFile; fileRef = C8DE949D1F2047AD00797935 /* icon_tabbar_discovery.png */; };
		C8DE94B61F2047AD00797935 /* icon_tabbar_discovery_selected.png in Resources */ = {isa = PBXBuildFile; fileRef = C8DE949E1F2047AD00797935 /* icon_tabbar_discovery_selected.png */; };
		C8DE94B71F2047AD00797935 /* icon_tabbar_homepage.png in Resources */ = {isa = PBXBuildFile; fileRef = C8DE949F1F2047AD00797935 /* icon_tabbar_homepage.png */; };
		C8DE94B81F2047AD00797935 /* icon_tabbar_homepage@2x.png in Resources */ = {isa = PBXBuildFile; fileRef = C8DE94A01F2047AD00797935 /* icon_tabbar_homepage@2x.png */; };
		C8DE94B91F2047AD00797935 /* icon_tabbar_homepage_selected.png in Resources */ = {isa = PBXBuildFile; fileRef = C8DE94A11F2047AD00797935 /* icon_tabbar_homepage_selected.png */; };
		C8DE94BA1F2047AD00797935 /* icon_tabbar_homepage_selected@2x.png in Resources */ = {isa = PBXBuildFile; fileRef = C8DE94A21F2047AD00797935 /* icon_tabbar_homepage_selected@2x.png */; };
		C8DE94BB1F2047AD00797935 /* icon_tabbar_merchant_normal.png in Resources */ = {isa = PBXBuildFile; fileRef = C8DE94A31F2047AD00797935 /* icon_tabbar_merchant_normal.png */; };
		C8DE94BC1F2047AD00797935 /* icon_tabbar_merchant_normal@2x.png in Resources */ = {isa = PBXBuildFile; fileRef = C8DE94A41F2047AD00797935 /* icon_tabbar_merchant_normal@2x.png */; };
		C8DE94BD1F2047AD00797935 /* icon_tabbar_merchant_selected.png in Resources */ = {isa = PBXBuildFile; fileRef = C8DE94A51F2047AD00797935 /* icon_tabbar_merchant_selected.png */; };
		C8DE94BE1F2047AD00797935 /* icon_tabbar_merchant_selected@2x.png in Resources */ = {isa = PBXBuildFile; fileRef = C8DE94A61F2047AD00797935 /* icon_tabbar_merchant_selected@2x.png */; };
		C8DE94BF1F2047AD00797935 /* icon_tabbar_mine.png in Resources */ = {isa = PBXBuildFile; fileRef = C8DE94A71F2047AD00797935 /* icon_tabbar_mine.png */; };
		C8DE94C01F2047AD00797935 /* icon_tabbar_mine@2x.png in Resources */ = {isa = PBXBuildFile; fileRef = C8DE94A81F2047AD00797935 /* icon_tabbar_mine@2x.png */; };
		C8DE94C11F2047AD00797935 /* icon_tabbar_mine_selected.png in Resources */ = {isa = PBXBuildFile; fileRef = C8DE94A91F2047AD00797935 /* icon_tabbar_mine_selected.png */; };
		C8DE94C21F2047AD00797935 /* icon_tabbar_mine_selected@2x.png in Resources */ = {isa = PBXBuildFile; fileRef = C8DE94AA1F2047AD00797935 /* icon_tabbar_mine_selected@2x.png */; };
		C8DE94C31F2047AD00797935 /* icon_tabbar_misc.png in Resources */ = {isa = PBXBuildFile; fileRef = C8DE94AB1F2047AD00797935 /* icon_tabbar_misc.png */; };
		C8DE94C41F2047AD00797935 /* icon_tabbar_misc@2x.png in Resources */ = {isa = PBXBuildFile; fileRef = C8DE94AC1F2047AD00797935 /* icon_tabbar_misc@2x.png */; };
		C8DE94C51F2047AD00797935 /* icon_tabbar_misc_selected.png in Resources */ = {isa = PBXBuildFile; fileRef = C8DE94AD1F2047AD00797935 /* icon_tabbar_misc_selected.png */; };
		C8DE94C61F2047AD00797935 /* icon_tabbar_misc_selected@2x.png in Resources */ = {isa = PBXBuildFile; fileRef = C8DE94AE1F2047AD00797935 /* icon_tabbar_misc_selected@2x.png */; };
		C8DE94C71F2047AD00797935 /* icon_tabbar_nearby.png in Resources */ = {isa = PBXBuildFile; fileRef = C8DE94AF1F2047AD00797935 /* icon_tabbar_nearby.png */; };
		C8DE94C81F2047AD00797935 /* icon_tabbar_nearby_selected.png in Resources */ = {isa = PBXBuildFile; fileRef = C8DE94B01F2047AD00797935 /* icon_tabbar_nearby_selected.png */; };
		C8DE94C91F2047AD00797935 /* icon_tabbar_onsite@2x.png in Resources */ = {isa = PBXBuildFile; fileRef = C8DE94B11F2047AD00797935 /* icon_tabbar_onsite@2x.png */; };
		C8DE94CA1F2047AD00797935 /* icon_tabbar_onsite_new@2x.png in Resources */ = {isa = PBXBuildFile; fileRef = C8DE94B21F2047AD00797935 /* icon_tabbar_onsite_new@2x.png */; };
		C8DE94CB1F2047AD00797935 /* icon_tabbar_onsite_selected@2x.png in Resources */ = {isa = PBXBuildFile; fileRef = C8DE94B31F2047AD00797935 /* icon_tabbar_onsite_selected@2x.png */; };
		C8DE94CC1F2047AD00797935 /* LCTabBarBadge@2x.png in Resources */ = {isa = PBXBuildFile; fileRef = C8DE94B41F2047AD00797935 /* LCTabBarBadge@2x.png */; };
		C8DE94D41F204D8700797935 /* R_TabBar.m in Sources */ = {isa = PBXBuildFile; fileRef = C8DE94D31F204D8700797935 /* R_TabBar.m */; };
/* End PBXBuildFile section */

/* Begin PBXContainerItemProxy section */
		C8DE946C1F202E1300797935 /* PBXContainerItemProxy */ = {
			isa = PBXContainerItemProxy;
			containerPortal = C8DE944A1F202E1300797935 /* Project object */;
			proxyType = 1;
			remoteGlobalIDString = C8DE94511F202E1300797935;
			remoteInfo = RMusicPlayer;
		};
		C8DE94771F202E1300797935 /* PBXContainerItemProxy */ = {
			isa = PBXContainerItemProxy;
			containerPortal = C8DE944A1F202E1300797935 /* Project object */;
			proxyType = 1;
			remoteGlobalIDString = C8DE94511F202E1300797935;
			remoteInfo = RMusicPlayer;
		};
/* End PBXContainerItemProxy section */

/* Begin PBXFileReference section */
		11D8E6D124C05BE942F3A01F /* Pods-RMusicPlayer.release.xcconfig */ = {isa = PBXFileReference; includeInIndex = 1; lastKnownFileType = text.xcconfig; name = "Pods-RMusicPlayer.release.xcconfig"; path = "Pods/Target Support Files/Pods-RMusicPlayer/Pods-RMusicPlayer.release.xcconfig"; sourceTree = "<group>"; };
		BC1C861C11DE7C6B94D7704B /* libPods-RMusicPlayer.a */ = {isa = PBXFileReference; explicitFileType = archive.ar; includeInIndex = 0; path = "libPods-RMusicPlayer.a"; sourceTree = BUILT_PRODUCTS_DIR; };
		C807B7F41F32C48F0067D457 /* M_Config.pch */ = {isa = PBXFileReference; lastKnownFileType = sourcecode.c.h; path = M_Config.pch; sourceTree = "<group>"; };
		C808241B1F43CFCC00F27A90 /* headImg.png */ = {isa = PBXFileReference; lastKnownFileType = image.png; path = headImg.png; sourceTree = "<group>"; };
		C808241D1F43D3E300F27A90 /* M_TableView.h */ = {isa = PBXFileReference; fileEncoding = 4; lastKnownFileType = sourcecode.c.h; path = M_TableView.h; sourceTree = "<group>"; };
		C808241E1F43D3E300F27A90 /* M_TableView.m */ = {isa = PBXFileReference; fileEncoding = 4; lastKnownFileType = sourcecode.c.objc; path = M_TableView.m; sourceTree = "<group>"; };
		C80824201F43D41000F27A90 /* M_TableViewCell.h */ = {isa = PBXFileReference; fileEncoding = 4; lastKnownFileType = sourcecode.c.h; path = M_TableViewCell.h; sourceTree = "<group>"; };
		C80824211F43D41000F27A90 /* M_TableViewCell.m */ = {isa = PBXFileReference; fileEncoding = 4; lastKnownFileType = sourcecode.c.objc; path = M_TableViewCell.m; sourceTree = "<group>"; };
		C80824231F43D59000F27A90 /* M_Res.xcassets */ = {isa = PBXFileReference; lastKnownFileType = folder.assetcatalog; path = M_Res.xcassets; sourceTree = "<group>"; };
		C80B33611F2186CE007FE88A /* R_MianTabbarController.h */ = {isa = PBXFileReference; fileEncoding = 4; lastKnownFileType = sourcecode.c.h; path = R_MianTabbarController.h; sourceTree = "<group>"; };
		C80B33621F2186CE007FE88A /* R_MianTabbarController.m */ = {isa = PBXFileReference; fileEncoding = 4; lastKnownFileType = sourcecode.c.objc; path = R_MianTabbarController.m; sourceTree = "<group>"; };
		C80B33681F230499007FE88A /* R_RootViewController.h */ = {isa = PBXFileReference; fileEncoding = 4; lastKnownFileType = sourcecode.c.h; path = R_RootViewController.h; sourceTree = "<group>"; };
		C80B33691F230499007FE88A /* R_RootViewController.m */ = {isa = PBXFileReference; fileEncoding = 4; lastKnownFileType = sourcecode.c.objc; path = R_RootViewController.m; sourceTree = "<group>"; };
		C80B336B1F230915007FE88A /* R_WebViewNavController.h */ = {isa = PBXFileReference; fileEncoding = 4; lastKnownFileType = sourcecode.c.h; path = R_WebViewNavController.h; sourceTree = "<group>"; };
		C80B336C1F230915007FE88A /* R_WebViewNavController.m */ = {isa = PBXFileReference; fileEncoding = 4; lastKnownFileType = sourcecode.c.objc; path = R_WebViewNavController.m; sourceTree = "<group>"; };
		C80B336E1F23093D007FE88A /* R_RootNavController.h */ = {isa = PBXFileReference; fileEncoding = 4; lastKnownFileType = sourcecode.c.h; path = R_RootNavController.h; sourceTree = "<group>"; };
		C80B336F1F23093D007FE88A /* R_RootNavController.m */ = {isa = PBXFileReference; fileEncoding = 4; lastKnownFileType = sourcecode.c.objc; path = R_RootNavController.m; sourceTree = "<group>"; };
		C80B33721F230959007FE88A /* NJKWebViewProgress.h */ = {isa = PBXFileReference; fileEncoding = 4; lastKnownFileType = sourcecode.c.h; path = NJKWebViewProgress.h; sourceTree = "<group>"; };
		C80B33731F230959007FE88A /* NJKWebViewProgress.m */ = {isa = PBXFileReference; fileEncoding = 4; lastKnownFileType = sourcecode.c.objc; path = NJKWebViewProgress.m; sourceTree = "<group>"; };
		C80B33741F230959007FE88A /* NJKWebViewProgressView.h */ = {isa = PBXFileReference; fileEncoding = 4; lastKnownFileType = sourcecode.c.h; path = NJKWebViewProgressView.h; sourceTree = "<group>"; };
		C80B33751F230959007FE88A /* NJKWebViewProgressView.m */ = {isa = PBXFileReference; fileEncoding = 4; lastKnownFileType = sourcecode.c.objc; path = NJKWebViewProgressView.m; sourceTree = "<group>"; };
		C80B33781F23098E007FE88A /* R_WebViewController.h */ = {isa = PBXFileReference; fileEncoding = 4; lastKnownFileType = sourcecode.c.h; path = R_WebViewController.h; sourceTree = "<group>"; };
		C80B33791F23098E007FE88A /* R_WebViewController.m */ = {isa = PBXFileReference; fileEncoding = 4; lastKnownFileType = sourcecode.c.objc; path = R_WebViewController.m; sourceTree = "<group>"; };
		C80B337B1F2309B2007FE88A /* R_RootWebViewController.h */ = {isa = PBXFileReference; fileEncoding = 4; lastKnownFileType = sourcecode.c.h; path = R_RootWebViewController.h; sourceTree = "<group>"; };
		C80B337C1F2309B2007FE88A /* R_RootWebViewController.m */ = {isa = PBXFileReference; fileEncoding = 4; lastKnownFileType = sourcecode.c.objc; path = R_RootWebViewController.m; sourceTree = "<group>"; };
		C80B33801F232FFB007FE88A /* XYTransition.h */ = {isa = PBXFileReference; fileEncoding = 4; lastKnownFileType = sourcecode.c.h; path = XYTransition.h; sourceTree = "<group>"; };
		C80B33811F232FFB007FE88A /* XYTransition.m */ = {isa = PBXFileReference; fileEncoding = 4; lastKnownFileType = sourcecode.c.objc; path = XYTransition.m; sourceTree = "<group>"; };
		C80B33821F232FFB007FE88A /* XYTransitionProtocol.h */ = {isa = PBXFileReference; fileEncoding = 4; lastKnownFileType = sourcecode.c.h; path = XYTransitionProtocol.h; sourceTree = "<group>"; };
		C80B338B1F257A76007FE88A /* M_LoginVc.h */ = {isa = PBXFileReference; fileEncoding = 4; lastKnownFileType = sourcecode.c.h; path = M_LoginVc.h; sourceTree = "<group>"; };
		C80B338C1F257A76007FE88A /* M_LoginVc.m */ = {isa = PBXFileReference; fileEncoding = 4; lastKnownFileType = sourcecode.c.objc; path = M_LoginVc.m; sourceTree = "<group>"; };
		C80B338E1F25800B007FE88A /* M_LibMacros.h */ = {isa = PBXFileReference; lastKnownFileType = sourcecode.c.h; path = M_LibMacros.h; sourceTree = "<group>"; };
		C80B33961F263CBD007FE88A /* AppDelegate+AppService.h */ = {isa = PBXFileReference; fileEncoding = 4; lastKnownFileType = sourcecode.c.h; path = "AppDelegate+AppService.h"; sourceTree = "<group>"; };
		C80B33971F263CBD007FE88A /* AppDelegate+AppService.m */ = {isa = PBXFileReference; fileEncoding = 4; lastKnownFileType = sourcecode.c.objc; path = "AppDelegate+AppService.m"; sourceTree = "<group>"; };
		C80B33991F263CD3007FE88A /* AppDelegate+PushService.h */ = {isa = PBXFileReference; fileEncoding = 4; lastKnownFileType = sourcecode.c.h; path = "AppDelegate+PushService.h"; sourceTree = "<group>"; };
		C80B339A1F263CD3007FE88A /* AppDelegate+PushService.m */ = {isa = PBXFileReference; fileEncoding = 4; lastKnownFileType = sourcecode.c.objc; path = "AppDelegate+PushService.m"; sourceTree = "<group>"; };
		C80B339D1F26C892007FE88A /* OpenUDID.h */ = {isa = PBXFileReference; fileEncoding = 4; lastKnownFileType = sourcecode.c.h; path = OpenUDID.h; sourceTree = "<group>"; };
		C80B339E1F26C892007FE88A /* OpenUDID.m */ = {isa = PBXFileReference; fileEncoding = 4; lastKnownFileType = sourcecode.c.objc; path = OpenUDID.m; sourceTree = "<group>"; };
		C80B33A81F26C9CC007FE88A /* M_UserInfo.h */ = {isa = PBXFileReference; fileEncoding = 4; lastKnownFileType = sourcecode.c.h; path = M_UserInfo.h; sourceTree = "<group>"; };
		C80B33A91F26C9CC007FE88A /* M_UserInfo.m */ = {isa = PBXFileReference; fileEncoding = 4; lastKnownFileType = sourcecode.c.objc; path = M_UserInfo.m; sourceTree = "<group>"; };
		C80B33AB1F26CB50007FE88A /* M_UserManager.h */ = {isa = PBXFileReference; fileEncoding = 4; lastKnownFileType = sourcecode.c.h; path = M_UserManager.h; sourceTree = "<group>"; };
		C80B33AC1F26CB50007FE88A /* M_UserManager.m */ = {isa = PBXFileReference; fileEncoding = 4; lastKnownFileType = sourcecode.c.objc; path = M_UserManager.m; sourceTree = "<group>"; };
		C80B33AE1F26CB78007FE88A /* M_IMManager.h */ = {isa = PBXFileReference; fileEncoding = 4; lastKnownFileType = sourcecode.c.h; path = M_IMManager.h; sourceTree = "<group>"; };
		C80B33AF1F26CB78007FE88A /* M_IMManager.m */ = {isa = PBXFileReference; fileEncoding = 4; lastKnownFileType = sourcecode.c.objc; path = M_IMManager.m; sourceTree = "<group>"; };
		C8496EF71F3AF4DF0005FE22 /* icon_tabbar_bg@2x.png */ = {isa = PBXFileReference; lastKnownFileType = image.png; path = "icon_tabbar_bg@2x.png"; sourceTree = "<group>"; };
		C8496EF81F3AF4DF0005FE22 /* icon_tabbar_bg@3x.png */ = {isa = PBXFileReference; lastKnownFileType = image.png; path = "icon_tabbar_bg@3x.png"; sourceTree = "<group>"; };
		C8496EFD1F3AFD260005FE22 /* UIViewController+ZYSliderViewController.h */ = {isa = PBXFileReference; fileEncoding = 4; lastKnownFileType = sourcecode.c.h; path = "UIViewController+ZYSliderViewController.h"; sourceTree = "<group>"; };
		C8496EFE1F3AFD260005FE22 /* UIViewController+ZYSliderViewController.m */ = {isa = PBXFileReference; fileEncoding = 4; lastKnownFileType = sourcecode.c.objc; path = "UIViewController+ZYSliderViewController.m"; sourceTree = "<group>"; };
		C8496EFF1F3AFD260005FE22 /* ZYSliderViewController.h */ = {isa = PBXFileReference; fileEncoding = 4; lastKnownFileType = sourcecode.c.h; path = ZYSliderViewController.h; sourceTree = "<group>"; };
		C8496F001F3AFD260005FE22 /* ZYSliderViewController.m */ = {isa = PBXFileReference; fileEncoding = 4; lastKnownFileType = sourcecode.c.objc; path = ZYSliderViewController.m; sourceTree = "<group>"; };
		C86877221F317D0F00AAADB9 /* M_MineView.h */ = {isa = PBXFileReference; fileEncoding = 4; lastKnownFileType = sourcecode.c.h; path = M_MineView.h; sourceTree = "<group>"; };
		C86877231F317D0F00AAADB9 /* M_MineView.m */ = {isa = PBXFileReference; fileEncoding = 4; lastKnownFileType = sourcecode.c.objc; path = M_MineView.m; sourceTree = "<group>"; };
		C881C31E1F2A2CC600B45747 /* M_ShareManager.h */ = {isa = PBXFileReference; fileEncoding = 4; lastKnownFileType = sourcecode.c.h; path = M_ShareManager.h; sourceTree = "<group>"; };
		C881C31F1F2A2CC600B45747 /* M_ShareManager.m */ = {isa = PBXFileReference; fileEncoding = 4; lastKnownFileType = sourcecode.c.objc; path = M_ShareManager.m; sourceTree = "<group>"; };
		C881C3211F2A3F7900B45747 /* M_AppManager.h */ = {isa = PBXFileReference; fileEncoding = 4; lastKnownFileType = sourcecode.c.h; path = M_AppManager.h; sourceTree = "<group>"; };
		C881C3221F2A3F7900B45747 /* M_AppManager.m */ = {isa = PBXFileReference; fileEncoding = 4; lastKnownFileType = sourcecode.c.objc; path = M_AppManager.m; sourceTree = "<group>"; };
		C881C3251F2A402F00B45747 /* M_AdPageView.h */ = {isa = PBXFileReference; fileEncoding = 4; lastKnownFileType = sourcecode.c.h; path = M_AdPageView.h; sourceTree = "<group>"; };
		C881C3261F2A402F00B45747 /* M_AdPageView.m */ = {isa = PBXFileReference; fileEncoding = 4; lastKnownFileType = sourcecode.c.objc; path = M_AdPageView.m; sourceTree = "<group>"; };
		C881C3291F2ACEDD00B45747 /* M_FPSLabel.h */ = {isa = PBXFileReference; fileEncoding = 4; lastKnownFileType = sourcecode.c.h; path = M_FPSLabel.h; sourceTree = "<group>"; };
		C881C32A1F2ACEDD00B45747 /* M_FPSLabel.m */ = {isa = PBXFileReference; fileEncoding = 4; lastKnownFileType = sourcecode.c.objc; path = M_FPSLabel.m; sourceTree = "<group>"; };
		C881C3411F2EAE6300B45747 /* MBProgressHUD+M_HUD.h */ = {isa = PBXFileReference; fileEncoding = 4; lastKnownFileType = sourcecode.c.h; path = "MBProgressHUD+M_HUD.h"; sourceTree = "<group>"; };
		C881C3421F2EAE6400B45747 /* MBProgressHUD+M_HUD.m */ = {isa = PBXFileReference; fileEncoding = 4; lastKnownFileType = sourcecode.c.objc; path = "MBProgressHUD+M_HUD.m"; sourceTree = "<group>"; };
		C881C3471F30393700B45747 /* M_LoginAVManager.h */ = {isa = PBXFileReference; fileEncoding = 4; lastKnownFileType = sourcecode.c.h; path = M_LoginAVManager.h; sourceTree = "<group>"; };
		C881C3481F30393700B45747 /* M_LoginAVManager.m */ = {isa = PBXFileReference; fileEncoding = 4; lastKnownFileType = sourcecode.c.objc; path = M_LoginAVManager.m; sourceTree = "<group>"; };
		C881C34A1F3053BC00B45747 /* M_LoginRes.bundle */ = {isa = PBXFileReference; lastKnownFileType = "wrapper.plug-in"; path = M_LoginRes.bundle; sourceTree = "<group>"; };
		C881C34C1F305A0B00B45747 /* M_LoginView.h */ = {isa = PBXFileReference; fileEncoding = 4; lastKnownFileType = sourcecode.c.h; path = M_LoginView.h; sourceTree = "<group>"; };
		C881C34D1F305A0B00B45747 /* M_LoginView.m */ = {isa = PBXFileReference; fileEncoding = 4; lastKnownFileType = sourcecode.c.objc; path = M_LoginView.m; sourceTree = "<group>"; };
		C881C3581F30B45600B45747 /* WX.png */ = {isa = PBXFileReference; lastKnownFileType = image.png; path = WX.png; sourceTree = "<group>"; };
		C881C3591F30B45600B45747 /* QQ.png */ = {isa = PBXFileReference; lastKnownFileType = image.png; path = QQ.png; sourceTree = "<group>"; };
		C881C3681F3158EA00B45747 /* M_NewsVC.h */ = {isa = PBXFileReference; fileEncoding = 4; lastKnownFileType = sourcecode.c.h; path = M_NewsVC.h; sourceTree = "<group>"; };
		C881C3691F3158EA00B45747 /* M_NewsVC.m */ = {isa = PBXFileReference; fileEncoding = 4; lastKnownFileType = sourcecode.c.objc; path = M_NewsVC.m; sourceTree = "<group>"; };
		C881C36B1F3158FC00B45747 /* M_MineVC.h */ = {isa = PBXFileReference; fileEncoding = 4; lastKnownFileType = sourcecode.c.h; path = M_MineVC.h; sourceTree = "<group>"; };
		C881C36C1F3158FC00B45747 /* M_MineVC.m */ = {isa = PBXFileReference; fileEncoding = 4; lastKnownFileType = sourcecode.c.objc; path = M_MineVC.m; sourceTree = "<group>"; };
		C8DE94521F202E1300797935 /* RMusicPlayer.app */ = {isa = PBXFileReference; explicitFileType = wrapper.application; includeInIndex = 0; path = RMusicPlayer.app; sourceTree = BUILT_PRODUCTS_DIR; };
		C8DE94561F202E1300797935 /* main.m */ = {isa = PBXFileReference; lastKnownFileType = sourcecode.c.objc; path = main.m; sourceTree = "<group>"; };
		C8DE94581F202E1300797935 /* AppDelegate.h */ = {isa = PBXFileReference; lastKnownFileType = sourcecode.c.h; name = AppDelegate.h; path = ../AppDelegate.h; sourceTree = "<group>"; };
		C8DE94591F202E1300797935 /* AppDelegate.m */ = {isa = PBXFileReference; lastKnownFileType = sourcecode.c.objc; name = AppDelegate.m; path = ../AppDelegate.m; sourceTree = "<group>"; };
		C8DE94611F202E1300797935 /* Assets.xcassets */ = {isa = PBXFileReference; lastKnownFileType = folder.assetcatalog; path = Assets.xcassets; sourceTree = "<group>"; };
		C8DE94641F202E1300797935 /* Base */ = {isa = PBXFileReference; lastKnownFileType = file.storyboard; name = Base; path = Base.lproj/LaunchScreen.storyboard; sourceTree = "<group>"; };
		C8DE94661F202E1300797935 /* Info.plist */ = {isa = PBXFileReference; lastKnownFileType = text.plist.xml; path = Info.plist; sourceTree = "<group>"; };
		C8DE946B1F202E1300797935 /* RMusicPlayerTests.xctest */ = {isa = PBXFileReference; explicitFileType = wrapper.cfbundle; includeInIndex = 0; path = RMusicPlayerTests.xctest; sourceTree = BUILT_PRODUCTS_DIR; };
		C8DE946F1F202E1300797935 /* RMusicPlayerTests.m */ = {isa = PBXFileReference; lastKnownFileType = sourcecode.c.objc; path = RMusicPlayerTests.m; sourceTree = "<group>"; };
		C8DE94711F202E1300797935 /* Info.plist */ = {isa = PBXFileReference; lastKnownFileType = text.plist.xml; path = Info.plist; sourceTree = "<group>"; };
		C8DE94761F202E1300797935 /* RMusicPlayerUITests.xctest */ = {isa = PBXFileReference; explicitFileType = wrapper.cfbundle; includeInIndex = 0; path = RMusicPlayerUITests.xctest; sourceTree = BUILT_PRODUCTS_DIR; };
		C8DE947A1F202E1300797935 /* RMusicPlayerUITests.m */ = {isa = PBXFileReference; lastKnownFileType = sourcecode.c.objc; path = RMusicPlayerUITests.m; sourceTree = "<group>"; };
		C8DE947C1F202E1300797935 /* Info.plist */ = {isa = PBXFileReference; lastKnownFileType = text.plist.xml; path = Info.plist; sourceTree = "<group>"; };
		C8DE948F1F2040B200797935 /* R_TabbarItem.h */ = {isa = PBXFileReference; fileEncoding = 4; lastKnownFileType = sourcecode.c.h; path = R_TabbarItem.h; sourceTree = "<group>"; };
		C8DE94901F2040B200797935 /* R_TabbarItem.m */ = {isa = PBXFileReference; fileEncoding = 4; lastKnownFileType = sourcecode.c.objc; path = R_TabbarItem.m; sourceTree = "<group>"; };
		C8DE94921F20424400797935 /* R_TabbarBadge.h */ = {isa = PBXFileReference; fileEncoding = 4; lastKnownFileType = sourcecode.c.h; path = R_TabbarBadge.h; sourceTree = "<group>"; };
		C8DE94931F20424400797935 /* R_TabbarBadge.m */ = {isa = PBXFileReference; fileEncoding = 4; lastKnownFileType = sourcecode.c.objc; path = R_TabbarBadge.m; sourceTree = "<group>"; };
		C8DE94961F2043B800797935 /* CommonMacros.h */ = {isa = PBXFileReference; fileEncoding = 4; lastKnownFileType = sourcecode.c.h; path = CommonMacros.h; sourceTree = "<group>"; };
		C8DE94971F2043B800797935 /* FontAndColorMacros.h */ = {isa = PBXFileReference; fileEncoding = 4; lastKnownFileType = sourcecode.c.h; path = FontAndColorMacros.h; sourceTree = "<group>"; };
		C8DE94981F2043B800797935 /* ThirdMacros.h */ = {isa = PBXFileReference; fileEncoding = 4; lastKnownFileType = sourcecode.c.h; path = ThirdMacros.h; sourceTree = "<group>"; };
		C8DE94991F2043B800797935 /* URLMacros.h */ = {isa = PBXFileReference; fileEncoding = 4; lastKnownFileType = sourcecode.c.h; path = URLMacros.h; sourceTree = "<group>"; };
		C8DE949A1F2043B800797935 /* UtilsMacros.h */ = {isa = PBXFileReference; fileEncoding = 4; lastKnownFileType = sourcecode.c.h; path = UtilsMacros.h; sourceTree = "<group>"; };
		C8DE949D1F2047AD00797935 /* icon_tabbar_discovery.png */ = {isa = PBXFileReference; lastKnownFileType = image.png; path = icon_tabbar_discovery.png; sourceTree = "<group>"; };
		C8DE949E1F2047AD00797935 /* icon_tabbar_discovery_selected.png */ = {isa = PBXFileReference; lastKnownFileType = image.png; path = icon_tabbar_discovery_selected.png; sourceTree = "<group>"; };
		C8DE949F1F2047AD00797935 /* icon_tabbar_homepage.png */ = {isa = PBXFileReference; lastKnownFileType = image.png; path = icon_tabbar_homepage.png; sourceTree = "<group>"; };
		C8DE94A01F2047AD00797935 /* icon_tabbar_homepage@2x.png */ = {isa = PBXFileReference; lastKnownFileType = image.png; path = "icon_tabbar_homepage@2x.png"; sourceTree = "<group>"; };
		C8DE94A11F2047AD00797935 /* icon_tabbar_homepage_selected.png */ = {isa = PBXFileReference; lastKnownFileType = image.png; path = icon_tabbar_homepage_selected.png; sourceTree = "<group>"; };
		C8DE94A21F2047AD00797935 /* icon_tabbar_homepage_selected@2x.png */ = {isa = PBXFileReference; lastKnownFileType = image.png; path = "icon_tabbar_homepage_selected@2x.png"; sourceTree = "<group>"; };
		C8DE94A31F2047AD00797935 /* icon_tabbar_merchant_normal.png */ = {isa = PBXFileReference; lastKnownFileType = image.png; path = icon_tabbar_merchant_normal.png; sourceTree = "<group>"; };
		C8DE94A41F2047AD00797935 /* icon_tabbar_merchant_normal@2x.png */ = {isa = PBXFileReference; lastKnownFileType = image.png; path = "icon_tabbar_merchant_normal@2x.png"; sourceTree = "<group>"; };
		C8DE94A51F2047AD00797935 /* icon_tabbar_merchant_selected.png */ = {isa = PBXFileReference; lastKnownFileType = image.png; path = icon_tabbar_merchant_selected.png; sourceTree = "<group>"; };
		C8DE94A61F2047AD00797935 /* icon_tabbar_merchant_selected@2x.png */ = {isa = PBXFileReference; lastKnownFileType = image.png; path = "icon_tabbar_merchant_selected@2x.png"; sourceTree = "<group>"; };
		C8DE94A71F2047AD00797935 /* icon_tabbar_mine.png */ = {isa = PBXFileReference; lastKnownFileType = image.png; path = icon_tabbar_mine.png; sourceTree = "<group>"; };
		C8DE94A81F2047AD00797935 /* icon_tabbar_mine@2x.png */ = {isa = PBXFileReference; lastKnownFileType = image.png; path = "icon_tabbar_mine@2x.png"; sourceTree = "<group>"; };
		C8DE94A91F2047AD00797935 /* icon_tabbar_mine_selected.png */ = {isa = PBXFileReference; lastKnownFileType = image.png; path = icon_tabbar_mine_selected.png; sourceTree = "<group>"; };
		C8DE94AA1F2047AD00797935 /* icon_tabbar_mine_selected@2x.png */ = {isa = PBXFileReference; lastKnownFileType = image.png; path = "icon_tabbar_mine_selected@2x.png"; sourceTree = "<group>"; };
		C8DE94AB1F2047AD00797935 /* icon_tabbar_misc.png */ = {isa = PBXFileReference; lastKnownFileType = image.png; path = icon_tabbar_misc.png; sourceTree = "<group>"; };
		C8DE94AC1F2047AD00797935 /* icon_tabbar_misc@2x.png */ = {isa = PBXFileReference; lastKnownFileType = image.png; path = "icon_tabbar_misc@2x.png"; sourceTree = "<group>"; };
		C8DE94AD1F2047AD00797935 /* icon_tabbar_misc_selected.png */ = {isa = PBXFileReference; lastKnownFileType = image.png; path = icon_tabbar_misc_selected.png; sourceTree = "<group>"; };
		C8DE94AE1F2047AD00797935 /* icon_tabbar_misc_selected@2x.png */ = {isa = PBXFileReference; lastKnownFileType = image.png; path = "icon_tabbar_misc_selected@2x.png"; sourceTree = "<group>"; };
		C8DE94AF1F2047AD00797935 /* icon_tabbar_nearby.png */ = {isa = PBXFileReference; lastKnownFileType = image.png; path = icon_tabbar_nearby.png; sourceTree = "<group>"; };
		C8DE94B01F2047AD00797935 /* icon_tabbar_nearby_selected.png */ = {isa = PBXFileReference; lastKnownFileType = image.png; path = icon_tabbar_nearby_selected.png; sourceTree = "<group>"; };
		C8DE94B11F2047AD00797935 /* icon_tabbar_onsite@2x.png */ = {isa = PBXFileReference; lastKnownFileType = image.png; path = "icon_tabbar_onsite@2x.png"; sourceTree = "<group>"; };
		C8DE94B21F2047AD00797935 /* icon_tabbar_onsite_new@2x.png */ = {isa = PBXFileReference; lastKnownFileType = image.png; path = "icon_tabbar_onsite_new@2x.png"; sourceTree = "<group>"; };
		C8DE94B31F2047AD00797935 /* icon_tabbar_onsite_selected@2x.png */ = {isa = PBXFileReference; lastKnownFileType = image.png; path = "icon_tabbar_onsite_selected@2x.png"; sourceTree = "<group>"; };
		C8DE94B41F2047AD00797935 /* LCTabBarBadge@2x.png */ = {isa = PBXFileReference; lastKnownFileType = image.png; path = "LCTabBarBadge@2x.png"; sourceTree = "<group>"; };
		C8DE94D21F204D8700797935 /* R_TabBar.h */ = {isa = PBXFileReference; fileEncoding = 4; lastKnownFileType = sourcecode.c.h; path = R_TabBar.h; sourceTree = "<group>"; };
		C8DE94D31F204D8700797935 /* R_TabBar.m */ = {isa = PBXFileReference; fileEncoding = 4; lastKnownFileType = sourcecode.c.objc; path = R_TabBar.m; sourceTree = "<group>"; };
		D4C84F45048CE28D5CC7CF70 /* Pods-RMusicPlayer.debug.xcconfig */ = {isa = PBXFileReference; includeInIndex = 1; lastKnownFileType = text.xcconfig; name = "Pods-RMusicPlayer.debug.xcconfig"; path = "Pods/Target Support Files/Pods-RMusicPlayer/Pods-RMusicPlayer.debug.xcconfig"; sourceTree = "<group>"; };
/* End PBXFileReference section */

/* Begin PBXFrameworksBuildPhase section */
		C8DE944F1F202E1300797935 /* Frameworks */ = {
			isa = PBXFrameworksBuildPhase;
			buildActionMask = 2147483647;
			files = (
				05C0EE97FF1C4F2D05DE18DE /* libPods-RMusicPlayer.a in Frameworks */,
			);
			runOnlyForDeploymentPostprocessing = 0;
		};
		C8DE94681F202E1300797935 /* Frameworks */ = {
			isa = PBXFrameworksBuildPhase;
			buildActionMask = 2147483647;
			files = (
			);
			runOnlyForDeploymentPostprocessing = 0;
		};
		C8DE94731F202E1300797935 /* Frameworks */ = {
			isa = PBXFrameworksBuildPhase;
			buildActionMask = 2147483647;
			files = (
			);
			runOnlyForDeploymentPostprocessing = 0;
		};
/* End PBXFrameworksBuildPhase section */

/* Begin PBXGroup section */
		34B409BE36F9C91AA1AC40DB /* Frameworks */ = {
			isa = PBXGroup;
			children = (
				BC1C861C11DE7C6B94D7704B /* libPods-RMusicPlayer.a */,
			);
			name = Frameworks;
			sourceTree = "<group>";
		};
		6DEFDFBE1C9DE1C3DB2C0F01 /* Pods */ = {
			isa = PBXGroup;
			children = (
				D4C84F45048CE28D5CC7CF70 /* Pods-RMusicPlayer.debug.xcconfig */,
				11D8E6D124C05BE942F3A01F /* Pods-RMusicPlayer.release.xcconfig */,
			);
			name = Pods;
			sourceTree = "<group>";
		};
		C80B33711F230959007FE88A /* NJKWebViewProgress */ = {
			isa = PBXGroup;
			children = (
				C80B33721F230959007FE88A /* NJKWebViewProgress.h */,
				C80B33731F230959007FE88A /* NJKWebViewProgress.m */,
				C80B33741F230959007FE88A /* NJKWebViewProgressView.h */,
				C80B33751F230959007FE88A /* NJKWebViewProgressView.m */,
			);
			path = NJKWebViewProgress;
			sourceTree = "<group>";
		};
		C80B337E1F232FE4007FE88A /* M_Utils */ = {
			isa = PBXGroup;
			children = (
				C881C3401F2EAE3A00B45747 /* M_SVPProgressHUD */,
				C881C3281F2ACEC900B45747 /* M_FPSLabel */,
				C881C3241F2A401000B45747 /* M_AdPage */,
				C80B339C1F26C892007FE88A /* OpenUDID */,
				C80B337F1F232FFB007FE88A /* XYTransition */,
			);
			path = M_Utils;
			sourceTree = "<group>";
		};
		C80B337F1F232FFB007FE88A /* XYTransition */ = {
			isa = PBXGroup;
			children = (
				C80B33801F232FFB007FE88A /* XYTransition.h */,
				C80B33811F232FFB007FE88A /* XYTransition.m */,
				C80B33821F232FFB007FE88A /* XYTransitionProtocol.h */,
			);
			path = XYTransition;
			sourceTree = "<group>";
		};
		C80B33841F257A48007FE88A /* Modules */ = {
			isa = PBXGroup;
			children = (
				C881C3621F31587500B45747 /* M_Mine */,
				C881C35C1F31586400B45747 /* M_News */,
				C80B33851F257A5A007FE88A /* M_Login */,
			);
			path = Modules;
			sourceTree = "<group>";
		};
		C80B33851F257A5A007FE88A /* M_Login */ = {
			isa = PBXGroup;
			children = (
				C80B33861F257A5A007FE88A /* M_Model */,
				C80B33871F257A5A007FE88A /* M_Request */,
				C80B33881F257A5A007FE88A /* M_Res */,
				C80B33891F257A5A007FE88A /* M_VC */,
				C80B338A1F257A5A007FE88A /* M_View */,
			);
			path = M_Login;
			sourceTree = "<group>";
		};
		C80B33861F257A5A007FE88A /* M_Model */ = {
			isa = PBXGroup;
			children = (
			);
			path = M_Model;
			sourceTree = "<group>";
		};
		C80B33871F257A5A007FE88A /* M_Request */ = {
			isa = PBXGroup;
			children = (
			);
			path = M_Request;
			sourceTree = "<group>";
		};
		C80B33881F257A5A007FE88A /* M_Res */ = {
			isa = PBXGroup;
			children = (
			);
			path = M_Res;
			sourceTree = "<group>";
		};
		C80B33891F257A5A007FE88A /* M_VC */ = {
			isa = PBXGroup;
			children = (
				C80B338B1F257A76007FE88A /* M_LoginVc.h */,
				C80B338C1F257A76007FE88A /* M_LoginVc.m */,
			);
			path = M_VC;
			sourceTree = "<group>";
		};
		C80B338A1F257A5A007FE88A /* M_View */ = {
			isa = PBXGroup;
			children = (
				C881C34C1F305A0B00B45747 /* M_LoginView.h */,
				C881C34D1F305A0B00B45747 /* M_LoginView.m */,
			);
			path = M_View;
			sourceTree = "<group>";
		};
		C80B339C1F26C892007FE88A /* OpenUDID */ = {
			isa = PBXGroup;
			children = (
				C80B339D1F26C892007FE88A /* OpenUDID.h */,
				C80B339E1F26C892007FE88A /* OpenUDID.m */,
			);
			path = OpenUDID;
			sourceTree = "<group>";
		};
		C80B33A01F26C951007FE88A /* M_Manager */ = {
			isa = PBXGroup;
			children = (
				C881C3461F30391B00B45747 /* M_LoginAVManager */,
				C881C3441F302DF400B45747 /* M_PlayerManager */,
				C80B33A11F26C951007FE88A /* M_AppManager */,
				C80B33A21F26C951007FE88A /* M_IMManager */,
				C80B33A31F26C951007FE88A /* M_ShareManager */,
				C80B33A41F26C951007FE88A /* M_UserManager */,
			);
			path = M_Manager;
			sourceTree = "<group>";
		};
		C80B33A11F26C951007FE88A /* M_AppManager */ = {
			isa = PBXGroup;
			children = (
				C881C3211F2A3F7900B45747 /* M_AppManager.h */,
				C881C3221F2A3F7900B45747 /* M_AppManager.m */,
			);
			path = M_AppManager;
			sourceTree = "<group>";
		};
		C80B33A21F26C951007FE88A /* M_IMManager */ = {
			isa = PBXGroup;
			children = (
				C80B33AE1F26CB78007FE88A /* M_IMManager.h */,
				C80B33AF1F26CB78007FE88A /* M_IMManager.m */,
			);
			path = M_IMManager;
			sourceTree = "<group>";
		};
		C80B33A31F26C951007FE88A /* M_ShareManager */ = {
			isa = PBXGroup;
			children = (
				C881C31E1F2A2CC600B45747 /* M_ShareManager.h */,
				C881C31F1F2A2CC600B45747 /* M_ShareManager.m */,
			);
			path = M_ShareManager;
			sourceTree = "<group>";
		};
		C80B33A41F26C951007FE88A /* M_UserManager */ = {
			isa = PBXGroup;
			children = (
				C80B33A81F26C9CC007FE88A /* M_UserInfo.h */,
				C80B33A91F26C9CC007FE88A /* M_UserInfo.m */,
				C80B33AB1F26CB50007FE88A /* M_UserManager.h */,
				C80B33AC1F26CB50007FE88A /* M_UserManager.m */,
			);
			path = M_UserManager;
			sourceTree = "<group>";
		};
		C8496EFB1F3AFD050005FE22 /* M_DependentLib */ = {
			isa = PBXGroup;
			children = (
				C8496EFC1F3AFD260005FE22 /* ZYSliderViewController */,
			);
			path = M_DependentLib;
			sourceTree = "<group>";
		};
		C8496EFC1F3AFD260005FE22 /* ZYSliderViewController */ = {
			isa = PBXGroup;
			children = (
				C8496EFD1F3AFD260005FE22 /* UIViewController+ZYSliderViewController.h */,
				C8496EFE1F3AFD260005FE22 /* UIViewController+ZYSliderViewController.m */,
				C8496EFF1F3AFD260005FE22 /* ZYSliderViewController.h */,
				C8496F001F3AFD260005FE22 /* ZYSliderViewController.m */,
			);
			path = ZYSliderViewController;
			sourceTree = "<group>";
		};
		C881C3241F2A401000B45747 /* M_AdPage */ = {
			isa = PBXGroup;
			children = (
				C881C3251F2A402F00B45747 /* M_AdPageView.h */,
				C881C3261F2A402F00B45747 /* M_AdPageView.m */,
			);
			path = M_AdPage;
			sourceTree = "<group>";
		};
		C881C3281F2ACEC900B45747 /* M_FPSLabel */ = {
			isa = PBXGroup;
			children = (
				C881C3291F2ACEDD00B45747 /* M_FPSLabel.h */,
				C881C32A1F2ACEDD00B45747 /* M_FPSLabel.m */,
			);
			path = M_FPSLabel;
			sourceTree = "<group>";
		};
		C881C3401F2EAE3A00B45747 /* M_SVPProgressHUD */ = {
			isa = PBXGroup;
			children = (
				C881C3411F2EAE6300B45747 /* MBProgressHUD+M_HUD.h */,
				C881C3421F2EAE6400B45747 /* MBProgressHUD+M_HUD.m */,
			);
			path = M_SVPProgressHUD;
			sourceTree = "<group>";
		};
		C881C3441F302DF400B45747 /* M_PlayerManager */ = {
			isa = PBXGroup;
			children = (
				C881C3451F302DF400B45747 /* M_Player */,
			);
			path = M_PlayerManager;
			sourceTree = "<group>";
		};
		C881C3451F302DF400B45747 /* M_Player */ = {
			isa = PBXGroup;
			children = (
			);
			path = M_Player;
			sourceTree = "<group>";
		};
		C881C3461F30391B00B45747 /* M_LoginAVManager */ = {
			isa = PBXGroup;
			children = (
				C881C3471F30393700B45747 /* M_LoginAVManager.h */,
				C881C3481F30393700B45747 /* M_LoginAVManager.m */,
			);
			path = M_LoginAVManager;
			sourceTree = "<group>";
		};
		C881C34F1F30912C00B45747 /* M_Res */ = {
			isa = PBXGroup;
			children = (
				C808241B1F43CFCC00F27A90 /* headImg.png */,
				C881C3581F30B45600B45747 /* WX.png */,
				C881C3591F30B45600B45747 /* QQ.png */,
			);
			path = M_Res;
			sourceTree = "<group>";
		};
		C881C35C1F31586400B45747 /* M_News */ = {
			isa = PBXGroup;
			children = (
				C881C35D1F31586400B45747 /* M_Model */,
				C881C35E1F31586400B45747 /* M_Request */,
				C881C35F1F31586400B45747 /* M_Res */,
				C881C3601F31586400B45747 /* M_VC */,
				C881C3611F31586400B45747 /* M_View */,
			);
			path = M_News;
			sourceTree = "<group>";
		};
		C881C35D1F31586400B45747 /* M_Model */ = {
			isa = PBXGroup;
			children = (
			);
			path = M_Model;
			sourceTree = "<group>";
		};
		C881C35E1F31586400B45747 /* M_Request */ = {
			isa = PBXGroup;
			children = (
			);
			path = M_Request;
			sourceTree = "<group>";
		};
		C881C35F1F31586400B45747 /* M_Res */ = {
			isa = PBXGroup;
			children = (
			);
			path = M_Res;
			sourceTree = "<group>";
		};
		C881C3601F31586400B45747 /* M_VC */ = {
			isa = PBXGroup;
			children = (
				C881C3681F3158EA00B45747 /* M_NewsVC.h */,
				C881C3691F3158EA00B45747 /* M_NewsVC.m */,
			);
			path = M_VC;
			sourceTree = "<group>";
		};
		C881C3611F31586400B45747 /* M_View */ = {
			isa = PBXGroup;
			children = (
			);
			path = M_View;
			sourceTree = "<group>";
		};
		C881C3621F31587500B45747 /* M_Mine */ = {
			isa = PBXGroup;
			children = (
				C881C3631F31587500B45747 /* M_Model */,
				C881C3641F31587500B45747 /* M_Request */,
				C881C3651F31587500B45747 /* M_Res */,
				C881C3661F31587500B45747 /* M_VC */,
				C881C3671F31587500B45747 /* M_View */,
			);
			path = M_Mine;
			sourceTree = "<group>";
		};
		C881C3631F31587500B45747 /* M_Model */ = {
			isa = PBXGroup;
			children = (
			);
			path = M_Model;
			sourceTree = "<group>";
		};
		C881C3641F31587500B45747 /* M_Request */ = {
			isa = PBXGroup;
			children = (
			);
			path = M_Request;
			sourceTree = "<group>";
		};
		C881C3651F31587500B45747 /* M_Res */ = {
			isa = PBXGroup;
			children = (
			);
			path = M_Res;
			sourceTree = "<group>";
		};
		C881C3661F31587500B45747 /* M_VC */ = {
			isa = PBXGroup;
			children = (
				C881C36B1F3158FC00B45747 /* M_MineVC.h */,
				C881C36C1F3158FC00B45747 /* M_MineVC.m */,
			);
			path = M_VC;
			sourceTree = "<group>";
		};
		C881C3671F31587500B45747 /* M_View */ = {
			isa = PBXGroup;
			children = (
				C86877221F317D0F00AAADB9 /* M_MineView.h */,
				C86877231F317D0F00AAADB9 /* M_MineView.m */,
				C808241D1F43D3E300F27A90 /* M_TableView.h */,
				C808241E1F43D3E300F27A90 /* M_TableView.m */,
				C80824201F43D41000F27A90 /* M_TableViewCell.h */,
				C80824211F43D41000F27A90 /* M_TableViewCell.m */,
			);
			path = M_View;
			sourceTree = "<group>";
		};
		C8DE94491F202E1300797935 = {
			isa = PBXGroup;
			children = (
				C8DE94541F202E1300797935 /* RMusicPlayer */,
				C8DE946E1F202E1300797935 /* RMusicPlayerTests */,
				C8DE94791F202E1300797935 /* RMusicPlayerUITests */,
				C8DE94531F202E1300797935 /* Products */,
				6DEFDFBE1C9DE1C3DB2C0F01 /* Pods */,
				34B409BE36F9C91AA1AC40DB /* Frameworks */,
			);
			sourceTree = "<group>";
		};
		C8DE94531F202E1300797935 /* Products */ = {
			isa = PBXGroup;
			children = (
				C8DE94521F202E1300797935 /* RMusicPlayer.app */,
				C8DE946B1F202E1300797935 /* RMusicPlayerTests.xctest */,
				C8DE94761F202E1300797935 /* RMusicPlayerUITests.xctest */,
			);
			name = Products;
			sourceTree = "<group>";
		};
		C8DE94541F202E1300797935 /* RMusicPlayer */ = {
			isa = PBXGroup;
			children = (
				C8DE94881F203BC400797935 /* M_AppDelegate */,
				C80B33841F257A48007FE88A /* Modules */,
				C80B33A01F26C951007FE88A /* M_Manager */,
				C8DE94891F203C3400797935 /* M_Base */,
				C80B337E1F232FE4007FE88A /* M_Utils */,
				C8496EFB1F3AFD050005FE22 /* M_DependentLib */,
				C8DE94951F2043A600797935 /* M_DefineConfig */,
				C8DE949B1F20479A00797935 /* M_Resource */,
				C8DE94611F202E1300797935 /* Assets.xcassets */,
				C80824231F43D59000F27A90 /* M_Res.xcassets */,
				C8DE94631F202E1300797935 /* LaunchScreen.storyboard */,
				C8DE94661F202E1300797935 /* Info.plist */,
				C8DE94551F202E1300797935 /* Supporting Files */,
			);
			path = RMusicPlayer;
			sourceTree = "<group>";
		};
		C8DE94551F202E1300797935 /* Supporting Files */ = {
			isa = PBXGroup;
			children = (
				C8DE94561F202E1300797935 /* main.m */,
			);
			name = "Supporting Files";
			sourceTree = "<group>";
		};
		C8DE946E1F202E1300797935 /* RMusicPlayerTests */ = {
			isa = PBXGroup;
			children = (
				C8DE946F1F202E1300797935 /* RMusicPlayerTests.m */,
				C8DE94711F202E1300797935 /* Info.plist */,
			);
			path = RMusicPlayerTests;
			sourceTree = "<group>";
		};
		C8DE94791F202E1300797935 /* RMusicPlayerUITests */ = {
			isa = PBXGroup;
			children = (
				C8DE947A1F202E1300797935 /* RMusicPlayerUITests.m */,
				C8DE947C1F202E1300797935 /* Info.plist */,
			);
			path = RMusicPlayerUITests;
			sourceTree = "<group>";
		};
		C8DE94881F203BC400797935 /* M_AppDelegate */ = {
			isa = PBXGroup;
			children = (
				C8DE94581F202E1300797935 /* AppDelegate.h */,
				C8DE94591F202E1300797935 /* AppDelegate.m */,
				C80B33961F263CBD007FE88A /* AppDelegate+AppService.h */,
				C80B33971F263CBD007FE88A /* AppDelegate+AppService.m */,
				C80B33991F263CD3007FE88A /* AppDelegate+PushService.h */,
				C80B339A1F263CD3007FE88A /* AppDelegate+PushService.m */,
			);
			path = M_AppDelegate;
			sourceTree = "<group>";
		};
		C8DE94891F203C3400797935 /* M_Base */ = {
			isa = PBXGroup;
			children = (
				C8DE948A1F203C3400797935 /* M_NavController */,
				C8DE948B1F203C3400797935 /* M_RootViewController */,
				C8DE948C1F203C3400797935 /* M_TabbarController */,
				C8DE948D1F203C3400797935 /* M_WebViewController */,
			);
			path = M_Base;
			sourceTree = "<group>";
		};
		C8DE948A1F203C3400797935 /* M_NavController */ = {
			isa = PBXGroup;
			children = (
				C80B336E1F23093D007FE88A /* R_RootNavController.h */,
				C80B336F1F23093D007FE88A /* R_RootNavController.m */,
			);
			path = M_NavController;
			sourceTree = "<group>";
		};
		C8DE948B1F203C3400797935 /* M_RootViewController */ = {
			isa = PBXGroup;
			children = (
				C80B33681F230499007FE88A /* R_RootViewController.h */,
				C80B33691F230499007FE88A /* R_RootViewController.m */,
			);
			path = M_RootViewController;
			sourceTree = "<group>";
		};
		C8DE948C1F203C3400797935 /* M_TabbarController */ = {
			isa = PBXGroup;
			children = (
				C8DE948E1F20408E00797935 /* M_Tabbar */,
				C80B33611F2186CE007FE88A /* R_MianTabbarController.h */,
				C80B33621F2186CE007FE88A /* R_MianTabbarController.m */,
			);
			path = M_TabbarController;
			sourceTree = "<group>";
		};
		C8DE948D1F203C3400797935 /* M_WebViewController */ = {
			isa = PBXGroup;
			children = (
				C80B33711F230959007FE88A /* NJKWebViewProgress */,
				C80B336B1F230915007FE88A /* R_WebViewNavController.h */,
				C80B336C1F230915007FE88A /* R_WebViewNavController.m */,
				C80B33781F23098E007FE88A /* R_WebViewController.h */,
				C80B33791F23098E007FE88A /* R_WebViewController.m */,
				C80B337B1F2309B2007FE88A /* R_RootWebViewController.h */,
				C80B337C1F2309B2007FE88A /* R_RootWebViewController.m */,
			);
			path = M_WebViewController;
			sourceTree = "<group>";
		};
		C8DE948E1F20408E00797935 /* M_Tabbar */ = {
			isa = PBXGroup;
			children = (
				C8DE94D21F204D8700797935 /* R_TabBar.h */,
				C8DE94D31F204D8700797935 /* R_TabBar.m */,
				C8DE948F1F2040B200797935 /* R_TabbarItem.h */,
				C8DE94901F2040B200797935 /* R_TabbarItem.m */,
				C8DE94921F20424400797935 /* R_TabbarBadge.h */,
				C8DE94931F20424400797935 /* R_TabbarBadge.m */,
			);
			path = M_Tabbar;
			sourceTree = "<group>";
		};
		C8DE94951F2043A600797935 /* M_DefineConfig */ = {
			isa = PBXGroup;
			children = (
				C8DE94961F2043B800797935 /* CommonMacros.h */,
				C8DE94971F2043B800797935 /* FontAndColorMacros.h */,
				C8DE94981F2043B800797935 /* ThirdMacros.h */,
				C8DE94991F2043B800797935 /* URLMacros.h */,
				C8DE949A1F2043B800797935 /* UtilsMacros.h */,
				C80B338E1F25800B007FE88A /* M_LibMacros.h */,
				C807B7F41F32C48F0067D457 /* M_Config.pch */,
			);
			path = M_DefineConfig;
			sourceTree = "<group>";
		};
		C8DE949B1F20479A00797935 /* M_Resource */ = {
			isa = PBXGroup;
			children = (
				C881C34F1F30912C00B45747 /* M_Res */,
				C8DE949C1F2047AD00797935 /* tabBar */,
				C881C34A1F3053BC00B45747 /* M_LoginRes.bundle */,
			);
			path = M_Resource;
			sourceTree = "<group>";
		};
		C8DE949C1F2047AD00797935 /* tabBar */ = {
			isa = PBXGroup;
			children = (
				C8496EF71F3AF4DF0005FE22 /* icon_tabbar_bg@2x.png */,
				C8496EF81F3AF4DF0005FE22 /* icon_tabbar_bg@3x.png */,
				C8DE949D1F2047AD00797935 /* icon_tabbar_discovery.png */,
				C8DE949E1F2047AD00797935 /* icon_tabbar_discovery_selected.png */,
				C8DE949F1F2047AD00797935 /* icon_tabbar_homepage.png */,
				C8DE94A01F2047AD00797935 /* icon_tabbar_homepage@2x.png */,
				C8DE94A11F2047AD00797935 /* icon_tabbar_homepage_selected.png */,
				C8DE94A21F2047AD00797935 /* icon_tabbar_homepage_selected@2x.png */,
				C8DE94A31F2047AD00797935 /* icon_tabbar_merchant_normal.png */,
				C8DE94A41F2047AD00797935 /* icon_tabbar_merchant_normal@2x.png */,
				C8DE94A51F2047AD00797935 /* icon_tabbar_merchant_selected.png */,
				C8DE94A61F2047AD00797935 /* icon_tabbar_merchant_selected@2x.png */,
				C8DE94A71F2047AD00797935 /* icon_tabbar_mine.png */,
				C8DE94A81F2047AD00797935 /* icon_tabbar_mine@2x.png */,
				C8DE94A91F2047AD00797935 /* icon_tabbar_mine_selected.png */,
				C8DE94AA1F2047AD00797935 /* icon_tabbar_mine_selected@2x.png */,
				C8DE94AB1F2047AD00797935 /* icon_tabbar_misc.png */,
				C8DE94AC1F2047AD00797935 /* icon_tabbar_misc@2x.png */,
				C8DE94AD1F2047AD00797935 /* icon_tabbar_misc_selected.png */,
				C8DE94AE1F2047AD00797935 /* icon_tabbar_misc_selected@2x.png */,
				C8DE94AF1F2047AD00797935 /* icon_tabbar_nearby.png */,
				C8DE94B01F2047AD00797935 /* icon_tabbar_nearby_selected.png */,
				C8DE94B11F2047AD00797935 /* icon_tabbar_onsite@2x.png */,
				C8DE94B21F2047AD00797935 /* icon_tabbar_onsite_new@2x.png */,
				C8DE94B31F2047AD00797935 /* icon_tabbar_onsite_selected@2x.png */,
				C8DE94B41F2047AD00797935 /* LCTabBarBadge@2x.png */,
			);
			path = tabBar;
			sourceTree = "<group>";
		};
/* End PBXGroup section */

/* Begin PBXNativeTarget section */
		C8DE94511F202E1300797935 /* RMusicPlayer */ = {
			isa = PBXNativeTarget;
			buildConfigurationList = C8DE947F1F202E1400797935 /* Build configuration list for PBXNativeTarget "RMusicPlayer" */;
			buildPhases = (
				0A06221E0BB991C5D25F08A2 /* [CP] Check Pods Manifest.lock */,
				C8DE944E1F202E1300797935 /* Sources */,
				C8DE944F1F202E1300797935 /* Frameworks */,
				C8DE94501F202E1300797935 /* Resources */,
				0492DF592A40C25F8DDFCB54 /* [CP] Embed Pods Frameworks */,
				1CFDB66C760BF4EF754C35CC /* [CP] Copy Pods Resources */,
			);
			buildRules = (
			);
			dependencies = (
			);
			name = RMusicPlayer;
			productName = RMusicPlayer;
			productReference = C8DE94521F202E1300797935 /* RMusicPlayer.app */;
			productType = "com.apple.product-type.application";
		};
		C8DE946A1F202E1300797935 /* RMusicPlayerTests */ = {
			isa = PBXNativeTarget;
			buildConfigurationList = C8DE94821F202E1400797935 /* Build configuration list for PBXNativeTarget "RMusicPlayerTests" */;
			buildPhases = (
				C8DE94671F202E1300797935 /* Sources */,
				C8DE94681F202E1300797935 /* Frameworks */,
				C8DE94691F202E1300797935 /* Resources */,
			);
			buildRules = (
			);
			dependencies = (
				C8DE946D1F202E1300797935 /* PBXTargetDependency */,
			);
			name = RMusicPlayerTests;
			productName = RMusicPlayerTests;
			productReference = C8DE946B1F202E1300797935 /* RMusicPlayerTests.xctest */;
			productType = "com.apple.product-type.bundle.unit-test";
		};
		C8DE94751F202E1300797935 /* RMusicPlayerUITests */ = {
			isa = PBXNativeTarget;
			buildConfigurationList = C8DE94851F202E1400797935 /* Build configuration list for PBXNativeTarget "RMusicPlayerUITests" */;
			buildPhases = (
				C8DE94721F202E1300797935 /* Sources */,
				C8DE94731F202E1300797935 /* Frameworks */,
				C8DE94741F202E1300797935 /* Resources */,
			);
			buildRules = (
			);
			dependencies = (
				C8DE94781F202E1300797935 /* PBXTargetDependency */,
			);
			name = RMusicPlayerUITests;
			productName = RMusicPlayerUITests;
			productReference = C8DE94761F202E1300797935 /* RMusicPlayerUITests.xctest */;
			productType = "com.apple.product-type.bundle.ui-testing";
		};
/* End PBXNativeTarget section */

/* Begin PBXProject section */
		C8DE944A1F202E1300797935 /* Project object */ = {
			isa = PBXProject;
			attributes = {
				LastUpgradeCheck = 0830;
				ORGANIZATIONNAME = "刘冉";
				TargetAttributes = {
					C8DE94511F202E1300797935 = {
						CreatedOnToolsVersion = 8.3.3;
						DevelopmentTeam = 8HR7KN9336;
						ProvisioningStyle = Automatic;
					};
					C8DE946A1F202E1300797935 = {
						CreatedOnToolsVersion = 8.3.3;
						DevelopmentTeam = 8HR7KN9336;
						ProvisioningStyle = Automatic;
						TestTargetID = C8DE94511F202E1300797935;
					};
					C8DE94751F202E1300797935 = {
						CreatedOnToolsVersion = 8.3.3;
						DevelopmentTeam = 8HR7KN9336;
						ProvisioningStyle = Automatic;
						TestTargetID = C8DE94511F202E1300797935;
					};
				};
			};
			buildConfigurationList = C8DE944D1F202E1300797935 /* Build configuration list for PBXProject "RMusicPlayer" */;
			compatibilityVersion = "Xcode 3.2";
			developmentRegion = English;
			hasScannedForEncodings = 0;
			knownRegions = (
				en,
				Base,
			);
			mainGroup = C8DE94491F202E1300797935;
			productRefGroup = C8DE94531F202E1300797935 /* Products */;
			projectDirPath = "";
			projectRoot = "";
			targets = (
				C8DE94511F202E1300797935 /* RMusicPlayer */,
				C8DE946A1F202E1300797935 /* RMusicPlayerTests */,
				C8DE94751F202E1300797935 /* RMusicPlayerUITests */,
			);
		};
/* End PBXProject section */

/* Begin PBXResourcesBuildPhase section */
		C8DE94501F202E1300797935 /* Resources */ = {
			isa = PBXResourcesBuildPhase;
			buildActionMask = 2147483647;
			files = (
				C8DE94CA1F2047AD00797935 /* icon_tabbar_onsite_new@2x.png in Resources */,
				C8DE94CB1F2047AD00797935 /* icon_tabbar_onsite_selected@2x.png in Resources */,
				C8DE94B91F2047AD00797935 /* icon_tabbar_homepage_selected.png in Resources */,
				C8DE94CC1F2047AD00797935 /* LCTabBarBadge@2x.png in Resources */,
				C881C35A1F30B45600B45747 /* WX.png in Resources */,
				C8DE94BD1F2047AD00797935 /* icon_tabbar_merchant_selected.png in Resources */,
				C881C34B1F3053BC00B45747 /* M_LoginRes.bundle in Resources */,
				C8496EFA1F3AF4DF0005FE22 /* icon_tabbar_bg@3x.png in Resources */,
				C881C35B1F30B45600B45747 /* QQ.png in Resources */,
				C8DE94C71F2047AD00797935 /* icon_tabbar_nearby.png in Resources */,
				C8DE94C21F2047AD00797935 /* icon_tabbar_mine_selected@2x.png in Resources */,
				C8DE94BE1F2047AD00797935 /* icon_tabbar_merchant_selected@2x.png in Resources */,
				C8DE94C61F2047AD00797935 /* icon_tabbar_misc_selected@2x.png in Resources */,
				C808241C1F43CFCC00F27A90 /* headImg.png in Resources */,
				C8DE94B61F2047AD00797935 /* icon_tabbar_discovery_selected.png in Resources */,
				C8DE94C51F2047AD00797935 /* icon_tabbar_misc_selected.png in Resources */,
				C8DE94BA1F2047AD00797935 /* icon_tabbar_homepage_selected@2x.png in Resources */,
				C80824241F43D59000F27A90 /* M_Res.xcassets in Resources */,
				C8DE94B71F2047AD00797935 /* icon_tabbar_homepage.png in Resources */,
				C8DE94C81F2047AD00797935 /* icon_tabbar_nearby_selected.png in Resources */,
				C8DE94C11F2047AD00797935 /* icon_tabbar_mine_selected.png in Resources */,
				C8496EF91F3AF4DF0005FE22 /* icon_tabbar_bg@2x.png in Resources */,
				C8DE94C91F2047AD00797935 /* icon_tabbar_onsite@2x.png in Resources */,
				C8DE94B51F2047AD00797935 /* icon_tabbar_discovery.png in Resources */,
				C8DE94651F202E1300797935 /* LaunchScreen.storyboard in Resources */,
				C8DE94C01F2047AD00797935 /* icon_tabbar_mine@2x.png in Resources */,
				C8DE94621F202E1300797935 /* Assets.xcassets in Resources */,
				C8DE94BB1F2047AD00797935 /* icon_tabbar_merchant_normal.png in Resources */,
				C8DE94BC1F2047AD00797935 /* icon_tabbar_merchant_normal@2x.png in Resources */,
				C8DE94B81F2047AD00797935 /* icon_tabbar_homepage@2x.png in Resources */,
				C8DE94C41F2047AD00797935 /* icon_tabbar_misc@2x.png in Resources */,
				C8DE94C31F2047AD00797935 /* icon_tabbar_misc.png in Resources */,
				C8DE94BF1F2047AD00797935 /* icon_tabbar_mine.png in Resources */,
			);
			runOnlyForDeploymentPostprocessing = 0;
		};
		C8DE94691F202E1300797935 /* Resources */ = {
			isa = PBXResourcesBuildPhase;
			buildActionMask = 2147483647;
			files = (
			);
			runOnlyForDeploymentPostprocessing = 0;
		};
		C8DE94741F202E1300797935 /* Resources */ = {
			isa = PBXResourcesBuildPhase;
			buildActionMask = 2147483647;
			files = (
			);
			runOnlyForDeploymentPostprocessing = 0;
		};
/* End PBXResourcesBuildPhase section */

/* Begin PBXShellScriptBuildPhase section */
		0492DF592A40C25F8DDFCB54 /* [CP] Embed Pods Frameworks */ = {
			isa = PBXShellScriptBuildPhase;
			buildActionMask = 2147483647;
			files = (
			);
			inputPaths = (
			);
			name = "[CP] Embed Pods Frameworks";
			outputPaths = (
			);
			runOnlyForDeploymentPostprocessing = 0;
			shellPath = /bin/sh;
			shellScript = "\"${SRCROOT}/Pods/Target Support Files/Pods-RMusicPlayer/Pods-RMusicPlayer-frameworks.sh\"\n";
			showEnvVarsInLog = 0;
		};
		0A06221E0BB991C5D25F08A2 /* [CP] Check Pods Manifest.lock */ = {
			isa = PBXShellScriptBuildPhase;
			buildActionMask = 2147483647;
			files = (
			);
			inputPaths = (
			);
			name = "[CP] Check Pods Manifest.lock";
			outputPaths = (
			);
			runOnlyForDeploymentPostprocessing = 0;
			shellPath = /bin/sh;
			shellScript = "diff \"${PODS_PODFILE_DIR_PATH}/Podfile.lock\" \"${PODS_ROOT}/Manifest.lock\" > /dev/null\nif [ $? != 0 ] ; then\n    # print error to STDERR\n    echo \"error: The sandbox is not in sync with the Podfile.lock. Run 'pod install' or update your CocoaPods installation.\" >&2\n    exit 1\nfi\n";
			showEnvVarsInLog = 0;
		};
		1CFDB66C760BF4EF754C35CC /* [CP] Copy Pods Resources */ = {
			isa = PBXShellScriptBuildPhase;
			buildActionMask = 2147483647;
			files = (
			);
			inputPaths = (
			);
			name = "[CP] Copy Pods Resources";
			outputPaths = (
			);
			runOnlyForDeploymentPostprocessing = 0;
			shellPath = /bin/sh;
			shellScript = "\"${SRCROOT}/Pods/Target Support Files/Pods-RMusicPlayer/Pods-RMusicPlayer-resources.sh\"\n";
			showEnvVarsInLog = 0;
		};
/* End PBXShellScriptBuildPhase section */

/* Begin PBXSourcesBuildPhase section */
		C8DE944E1F202E1300797935 /* Sources */ = {
			isa = PBXSourcesBuildPhase;
			buildActionMask = 2147483647;
			files = (
				C80824221F43D41000F27A90 /* M_TableViewCell.m in Sources */,
				C80B339B1F263CD3007FE88A /* AppDelegate+PushService.m in Sources */,
				C8496F011F3AFD260005FE22 /* UIViewController+ZYSliderViewController.m in Sources */,
				C80B33761F230959007FE88A /* NJKWebViewProgress.m in Sources */,
				C80B33B01F26CB78007FE88A /* M_IMManager.m in Sources */,
				C80B336A1F230499007FE88A /* R_RootViewController.m in Sources */,
				C80B339F1F26C892007FE88A /* OpenUDID.m in Sources */,
				C80B33AD1F26CB50007FE88A /* M_UserManager.m in Sources */,
				C881C32B1F2ACEDD00B45747 /* M_FPSLabel.m in Sources */,
				C8DE945A1F202E1300797935 /* AppDelegate.m in Sources */,
				C80B33771F230959007FE88A /* NJKWebViewProgressView.m in Sources */,
				C881C3231F2A3F7900B45747 /* M_AppManager.m in Sources */,
				C8DE94911F2040B200797935 /* R_TabbarItem.m in Sources */,
				C86877241F317D0F00AAADB9 /* M_MineView.m in Sources */,
				C80B33831F232FFB007FE88A /* XYTransition.m in Sources */,
				C881C34E1F305A0B00B45747 /* M_LoginView.m in Sources */,
				C8DE94941F20424400797935 /* R_TabbarBadge.m in Sources */,
				C881C36A1F3158EA00B45747 /* M_NewsVC.m in Sources */,
				C80B33631F2186CE007FE88A /* R_MianTabbarController.m in Sources */,
				C80B337D1F2309B2007FE88A /* R_RootWebViewController.m in Sources */,
				C8DE94571F202E1300797935 /* main.m in Sources */,
				C80B33701F23093D007FE88A /* R_RootNavController.m in Sources */,
				C881C3431F2EAE6400B45747 /* MBProgressHUD+M_HUD.m in Sources */,
				C80B33AA1F26C9CC007FE88A /* M_UserInfo.m in Sources */,
				C808241F1F43D3E300F27A90 /* M_TableView.m in Sources */,
				C80B338D1F257A76007FE88A /* M_LoginVc.m in Sources */,
				C881C3271F2A402F00B45747 /* M_AdPageView.m in Sources */,
				C80B33981F263CBD007FE88A /* AppDelegate+AppService.m in Sources */,
				C80B336D1F230915007FE88A /* R_WebViewNavController.m in Sources */,
				C881C3491F30393700B45747 /* M_LoginAVManager.m in Sources */,
				C80B337A1F23098E007FE88A /* R_WebViewController.m in Sources */,
				C8DE94D41F204D8700797935 /* R_TabBar.m in Sources */,
				C881C3201F2A2CC600B45747 /* M_ShareManager.m in Sources */,
				C8496F021F3AFD260005FE22 /* ZYSliderViewController.m in Sources */,
				C881C36D1F3158FC00B45747 /* M_MineVC.m in Sources */,
			);
			runOnlyForDeploymentPostprocessing = 0;
		};
		C8DE94671F202E1300797935 /* Sources */ = {
			isa = PBXSourcesBuildPhase;
			buildActionMask = 2147483647;
			files = (
				C8DE94701F202E1300797935 /* RMusicPlayerTests.m in Sources */,
			);
			runOnlyForDeploymentPostprocessing = 0;
		};
		C8DE94721F202E1300797935 /* Sources */ = {
			isa = PBXSourcesBuildPhase;
			buildActionMask = 2147483647;
			files = (
				C8DE947B1F202E1300797935 /* RMusicPlayerUITests.m in Sources */,
			);
			runOnlyForDeploymentPostprocessing = 0;
		};
/* End PBXSourcesBuildPhase section */

/* Begin PBXTargetDependency section */
		C8DE946D1F202E1300797935 /* PBXTargetDependency */ = {
			isa = PBXTargetDependency;
			target = C8DE94511F202E1300797935 /* RMusicPlayer */;
			targetProxy = C8DE946C1F202E1300797935 /* PBXContainerItemProxy */;
		};
		C8DE94781F202E1300797935 /* PBXTargetDependency */ = {
			isa = PBXTargetDependency;
			target = C8DE94511F202E1300797935 /* RMusicPlayer */;
			targetProxy = C8DE94771F202E1300797935 /* PBXContainerItemProxy */;
		};
/* End PBXTargetDependency section */

/* Begin PBXVariantGroup section */
		C8DE94631F202E1300797935 /* LaunchScreen.storyboard */ = {
			isa = PBXVariantGroup;
			children = (
				C8DE94641F202E1300797935 /* Base */,
			);
			name = LaunchScreen.storyboard;
			sourceTree = "<group>";
		};
/* End PBXVariantGroup section */

/* Begin XCBuildConfiguration section */
		C8DE947D1F202E1300797935 /* Debug */ = {
			isa = XCBuildConfiguration;
			buildSettings = {
				ALWAYS_SEARCH_USER_PATHS = NO;
				CLANG_ANALYZER_NONNULL = YES;
				CLANG_ANALYZER_NUMBER_OBJECT_CONVERSION = YES_AGGRESSIVE;
				CLANG_CXX_LANGUAGE_STANDARD = "gnu++0x";
				CLANG_CXX_LIBRARY = "libc++";
				CLANG_ENABLE_MODULES = YES;
				CLANG_ENABLE_OBJC_ARC = YES;
				CLANG_WARN_BOOL_CONVERSION = YES;
				CLANG_WARN_CONSTANT_CONVERSION = YES;
				CLANG_WARN_DIRECT_OBJC_ISA_USAGE = YES_ERROR;
				CLANG_WARN_DOCUMENTATION_COMMENTS = YES;
				CLANG_WARN_EMPTY_BODY = YES;
				CLANG_WARN_ENUM_CONVERSION = YES;
				CLANG_WARN_INFINITE_RECURSION = YES;
				CLANG_WARN_INT_CONVERSION = YES;
				CLANG_WARN_OBJC_ROOT_CLASS = YES_ERROR;
				CLANG_WARN_SUSPICIOUS_MOVE = YES;
				CLANG_WARN_UNREACHABLE_CODE = YES;
				CLANG_WARN__DUPLICATE_METHOD_MATCH = YES;
				"CODE_SIGN_IDENTITY[sdk=iphoneos*]" = "iPhone Developer";
				COPY_PHASE_STRIP = NO;
				DEBUG_INFORMATION_FORMAT = dwarf;
				ENABLE_STRICT_OBJC_MSGSEND = YES;
				ENABLE_TESTABILITY = YES;
				GCC_C_LANGUAGE_STANDARD = gnu99;
				GCC_DYNAMIC_NO_PIC = NO;
				GCC_NO_COMMON_BLOCKS = YES;
				GCC_OPTIMIZATION_LEVEL = 0;
				GCC_PREPROCESSOR_DEFINITIONS = (
					"DEBUG=1",
					"$(inherited)",
				);
				GCC_WARN_64_TO_32_BIT_CONVERSION = YES;
				GCC_WARN_ABOUT_RETURN_TYPE = YES_ERROR;
				GCC_WARN_UNDECLARED_SELECTOR = YES;
				GCC_WARN_UNINITIALIZED_AUTOS = YES_AGGRESSIVE;
				GCC_WARN_UNUSED_FUNCTION = YES;
				GCC_WARN_UNUSED_VARIABLE = YES;
				IPHONEOS_DEPLOYMENT_TARGET = 10.3;
				MTL_ENABLE_DEBUG_INFO = YES;
				ONLY_ACTIVE_ARCH = YES;
				SDKROOT = iphoneos;
				TARGETED_DEVICE_FAMILY = "1,2";
			};
			name = Debug;
		};
		C8DE947E1F202E1300797935 /* Release */ = {
			isa = XCBuildConfiguration;
			buildSettings = {
				ALWAYS_SEARCH_USER_PATHS = NO;
				CLANG_ANALYZER_NONNULL = YES;
				CLANG_ANALYZER_NUMBER_OBJECT_CONVERSION = YES_AGGRESSIVE;
				CLANG_CXX_LANGUAGE_STANDARD = "gnu++0x";
				CLANG_CXX_LIBRARY = "libc++";
				CLANG_ENABLE_MODULES = YES;
				CLANG_ENABLE_OBJC_ARC = YES;
				CLANG_WARN_BOOL_CONVERSION = YES;
				CLANG_WARN_CONSTANT_CONVERSION = YES;
				CLANG_WARN_DIRECT_OBJC_ISA_USAGE = YES_ERROR;
				CLANG_WARN_DOCUMENTATION_COMMENTS = YES;
				CLANG_WARN_EMPTY_BODY = YES;
				CLANG_WARN_ENUM_CONVERSION = YES;
				CLANG_WARN_INFINITE_RECURSION = YES;
				CLANG_WARN_INT_CONVERSION = YES;
				CLANG_WARN_OBJC_ROOT_CLASS = YES_ERROR;
				CLANG_WARN_SUSPICIOUS_MOVE = YES;
				CLANG_WARN_UNREACHABLE_CODE = YES;
				CLANG_WARN__DUPLICATE_METHOD_MATCH = YES;
				"CODE_SIGN_IDENTITY[sdk=iphoneos*]" = "iPhone Developer";
				COPY_PHASE_STRIP = NO;
				DEBUG_INFORMATION_FORMAT = "dwarf-with-dsym";
				ENABLE_NS_ASSERTIONS = NO;
				ENABLE_STRICT_OBJC_MSGSEND = YES;
				GCC_C_LANGUAGE_STANDARD = gnu99;
				GCC_NO_COMMON_BLOCKS = YES;
				GCC_WARN_64_TO_32_BIT_CONVERSION = YES;
				GCC_WARN_ABOUT_RETURN_TYPE = YES_ERROR;
				GCC_WARN_UNDECLARED_SELECTOR = YES;
				GCC_WARN_UNINITIALIZED_AUTOS = YES_AGGRESSIVE;
				GCC_WARN_UNUSED_FUNCTION = YES;
				GCC_WARN_UNUSED_VARIABLE = YES;
				IPHONEOS_DEPLOYMENT_TARGET = 10.3;
				MTL_ENABLE_DEBUG_INFO = NO;
				SDKROOT = iphoneos;
				TARGETED_DEVICE_FAMILY = "1,2";
				VALIDATE_PRODUCT = YES;
			};
			name = Release;
		};
		C8DE94801F202E1400797935 /* Debug */ = {
			isa = XCBuildConfiguration;
			baseConfigurationReference = D4C84F45048CE28D5CC7CF70 /* Pods-RMusicPlayer.debug.xcconfig */;
			buildSettings = {
				ASSETCATALOG_COMPILER_APPICON_NAME = AppIcon;
				DEVELOPMENT_TEAM = 8HR7KN9336;
				ENABLE_BITCODE = YES;
				GCC_PRECOMPILE_PREFIX_HEADER = YES;
				GCC_PREFIX_HEADER = "$(SRCROOT)/RMusicPlayer/M_DefineConfig/M_Config.pch";
				INFOPLIST_FILE = RMusicPlayer/Info.plist;
				IPHONEOS_DEPLOYMENT_TARGET = 8.0;
				LD_RUNPATH_SEARCH_PATHS = "$(inherited) @executable_path/Frameworks";
				PRODUCT_BUNDLE_IDENTIFIER = LRCY.RMusicPlayer;
				PRODUCT_NAME = "$(TARGET_NAME)";
			};
			name = Debug;
		};
		C8DE94811F202E1400797935 /* Release */ = {
			isa = XCBuildConfiguration;
			baseConfigurationReference = 11D8E6D124C05BE942F3A01F /* Pods-RMusicPlayer.release.xcconfig */;
			buildSettings = {
				ASSETCATALOG_COMPILER_APPICON_NAME = AppIcon;
				DEVELOPMENT_TEAM = 8HR7KN9336;
				ENABLE_BITCODE = YES;
				GCC_PRECOMPILE_PREFIX_HEADER = YES;
				GCC_PREFIX_HEADER = "$(SRCROOT)/RMusicPlayer/M_DefineConfig/M_Config.pch";
				INFOPLIST_FILE = RMusicPlayer/Info.plist;
				IPHONEOS_DEPLOYMENT_TARGET = 8.0;
				LD_RUNPATH_SEARCH_PATHS = "$(inherited) @executable_path/Frameworks";
				PRODUCT_BUNDLE_IDENTIFIER = LRCY.RMusicPlayer;
				PRODUCT_NAME = "$(TARGET_NAME)";
			};
			name = Release;
		};
		C8DE94831F202E1400797935 /* Debug */ = {
			isa = XCBuildConfiguration;
			buildSettings = {
				BUNDLE_LOADER = "$(TEST_HOST)";
				DEVELOPMENT_TEAM = 8HR7KN9336;
				INFOPLIST_FILE = RMusicPlayerTests/Info.plist;
				LD_RUNPATH_SEARCH_PATHS = "$(inherited) @executable_path/Frameworks @loader_path/Frameworks";
				PRODUCT_BUNDLE_IDENTIFIER = LRCY.RMusicPlayerTests;
				PRODUCT_NAME = "$(TARGET_NAME)";
				TEST_HOST = "$(BUILT_PRODUCTS_DIR)/RMusicPlayer.app/RMusicPlayer";
			};
			name = Debug;
		};
		C8DE94841F202E1400797935 /* Release */ = {
			isa = XCBuildConfiguration;
			buildSettings = {
				BUNDLE_LOADER = "$(TEST_HOST)";
				DEVELOPMENT_TEAM = 8HR7KN9336;
				INFOPLIST_FILE = RMusicPlayerTests/Info.plist;
				LD_RUNPATH_SEARCH_PATHS = "$(inherited) @executable_path/Frameworks @loader_path/Frameworks";
				PRODUCT_BUNDLE_IDENTIFIER = LRCY.RMusicPlayerTests;
				PRODUCT_NAME = "$(TARGET_NAME)";
				TEST_HOST = "$(BUILT_PRODUCTS_DIR)/RMusicPlayer.app/RMusicPlayer";
			};
			name = Release;
		};
		C8DE94861F202E1400797935 /* Debug */ = {
			isa = XCBuildConfiguration;
			buildSettings = {
				DEVELOPMENT_TEAM = 8HR7KN9336;
				INFOPLIST_FILE = RMusicPlayerUITests/Info.plist;
				LD_RUNPATH_SEARCH_PATHS = "$(inherited) @executable_path/Frameworks @loader_path/Frameworks";
				PRODUCT_BUNDLE_IDENTIFIER = LRCY.RMusicPlayerUITests;
				PRODUCT_NAME = "$(TARGET_NAME)";
				TEST_TARGET_NAME = RMusicPlayer;
			};
			name = Debug;
		};
		C8DE94871F202E1400797935 /* Release */ = {
			isa = XCBuildConfiguration;
			buildSettings = {
				DEVELOPMENT_TEAM = 8HR7KN9336;
				INFOPLIST_FILE = RMusicPlayerUITests/Info.plist;
				LD_RUNPATH_SEARCH_PATHS = "$(inherited) @executable_path/Frameworks @loader_path/Frameworks";
				PRODUCT_BUNDLE_IDENTIFIER = LRCY.RMusicPlayerUITests;
				PRODUCT_NAME = "$(TARGET_NAME)";
				TEST_TARGET_NAME = RMusicPlayer;
			};
			name = Release;
		};
/* End XCBuildConfiguration section */

/* Begin XCConfigurationList section */
		C8DE944D1F202E1300797935 /* Build configuration list for PBXProject "RMusicPlayer" */ = {
			isa = XCConfigurationList;
			buildConfigurations = (
				C8DE947D1F202E1300797935 /* Debug */,
				C8DE947E1F202E1300797935 /* Release */,
			);
			defaultConfigurationIsVisible = 0;
			defaultConfigurationName = Release;
		};
		C8DE947F1F202E1400797935 /* Build configuration list for PBXNativeTarget "RMusicPlayer" */ = {
			isa = XCConfigurationList;
			buildConfigurations = (
				C8DE94801F202E1400797935 /* Debug */,
				C8DE94811F202E1400797935 /* Release */,
			);
			defaultConfigurationIsVisible = 0;
			defaultConfigurationName = Release;
		};
		C8DE94821F202E1400797935 /* Build configuration list for PBXNativeTarget "RMusicPlayerTests" */ = {
			isa = XCConfigurationList;
			buildConfigurations = (
				C8DE94831F202E1400797935 /* Debug */,
				C8DE94841F202E1400797935 /* Release */,
			);
			defaultConfigurationIsVisible = 0;
			defaultConfigurationName = Release;
		};
		C8DE94851F202E1400797935 /* Build configuration list for PBXNativeTarget "RMusicPlayerUITests" */ = {
			isa = XCConfigurationList;
			buildConfigurations = (
				C8DE94861F202E1400797935 /* Debug */,
				C8DE94871F202E1400797935 /* Release */,
			);
			defaultConfigurationIsVisible = 0;
			defaultConfigurationName = Release;
		};
/* End XCConfigurationList section */
	};
	rootObject = C8DE944A1F202E1300797935 /* Project object */;
}
