PODS:
  - FMDB (2.6.2):
    - FMDB/standard (= 2.6.2)
  - FMDB/standard (2.6.2)
  - LLSlideMenu (1.0.6)
  - lottie-ios (1.5.1)
  - Masonry (1.0.2)
  - MBProgressHUD (1.0.0)
  - MJExtension (3.0.13)
  - MJRefresh (3.1.12)
  - RKNotificationHub (2.0.4)
  - SFHFKeychainUtils (0.0.1)
  - SGNetObserver (1.0.0)
  - UMengUShare/Core (6.4.3):
    - UMengUShare/Network
  - UMengUShare/Network (6.4.3)
  - UMengUShare/Social/QQ (6.4.3):
    - UMengUShare/Core
    - UMengUShare/Social/ReducedQQ
  - UMengUShare/Social/ReducedQQ (6.4.3):
    - UMengUShare/Core
  - UMengUShare/Social/ReducedWeChat (6.4.3):
    - UMengUShare/Core
  - UMengUShare/Social/WeChat (6.4.3):
    - UMengUShare/Core
    - UMengUShare/Social/ReducedWeChat
  - UMengUShare/UI (6.4.3):
    - UMengUShare/Core
  - XMNetworking (1.0.2):
    - XMNetworking/Core (= 1.0.2)
    - XMNetworking/Lib (= 1.0.2)
  - XMNetworking/Core (1.0.2):
    - XMNetworking/Lib/AFNetworking-3.1.0
  - XMNetworking/Lib (1.0.2):
    - XMNetworking/Lib/AFNetworking-3.1.0 (= 1.0.2)
  - XMNetworking/Lib/AFNetworking-3.1.0 (1.0.2)
  - YYKit (1.0.9):
    - YYKit/no-arc (= 1.0.9)
  - YYKit/no-arc (1.0.9)

DEPENDENCIES:
  - FMDB
  - LLSlideMenu (~> 1.0.6)
  - lottie-ios
  - Masonry
  - MBProgressHUD
  - MJExtension
  - MJRefresh
  - RKNotificationHub
  - SFHFKeychainUtils
  - SGNetObserver
  - UMengUShare/Social/QQ
  - UMengUShare/Social/WeChat
  - UMengUShare/UI
  - XMNetworking
  - YYKit

SPEC CHECKSUMS:
  FMDB: 854a0341b4726e53276f2a8996f06f1b80f9259a
  LLSlideMenu: c36309289c462544e58dc83b675b1a38be735a99
  lottie-ios: f680a7c4cb7a567ecf258fde0f967913aff111b8
  Masonry: 7c429b56da9d4ee0bbb3ed77a5ea710d6a5df39e
  MBProgressHUD: 4890f671c94e8a0f3cf959aa731e9de2f036d71a
  MJExtension: 5932755f451458eefa24239358817f8d291240c7
  MJRefresh: b96cdb21c4aa75a7b07654311ab2f315c497e806
  RKNotificationHub: 3765424499139c3d3885b681bb0837f072d12ae6
  SFHFKeychainUtils: 9576b411a79a058f4d5381ace6f3242b9a62e664
  SGNetObserver: 13ce794f68c9f1c1146a16712a89b4dc0e77a327
  UMengUShare: d39cb682598df87ebdd3c055d03d00eb0102d42c
  XMNetworking: bcc1d167c4386fb6bfefb0d6c7087f09333c2e09
  YYKit: 7cda43304a8dc3696c449041e2cb3107b4e236e7

PODFILE CHECKSUM: 4e3e8666dbc03b6facc3870fc478a8d700852f1d

COCOAPODS: 1.2.1
